// !$*UTF8*$!
{
	archiveVersion = 1;
	classes = {
	};
	objectVersion = 56;
	objects = {

/* Begin PBXBuildFile section */
		E9E440682C20D67600E14AFB /* foodieApp.swift in Sources */ = {isa = PBXBuildFile; fileRef = E9E440672C20D67600E14AFB /* foodieApp.swift */; };
		E9E4406A2C20D67600E14AFB /* ContentView.swift in Sources */ = {isa = PBXBuildFile; fileRef = E9E440692C20D67600E14AFB /* ContentView.swift */; };
		E9E4406E2C20D67700E14AFB /* Assets.xcassets in Resources */ = {isa = PBXBuildFile; fileRef = E9E4406D2C20D67700E14AFB /* Assets.xcassets */; };
		E9E440712C20D67700E14AFB /* Preview Assets.xcassets in Resources */ = {isa = PBXBuildFile; fileRef = E9E440702C20D67700E14AFB /* Preview Assets.xcassets */; };
		E9E4407B2C20D67700E14AFB /* foodieTests.swift in Sources */ = {isa = PBXBuildFile; fileRef = E9E4407A2C20D67700E14AFB /* foodieTests.swift */; };
		E9E440852C20D67700E14AFB /* foodieUITests.swift in Sources */ = {isa = PBXBuildFile; fileRef = E9E440842C20D67700E14AFB /* foodieUITests.swift */; };
		E9E440872C20D67700E14AFB /* foodieUITestsLaunchTests.swift in Sources */ = {isa = PBXBuildFile; fileRef = E9E440862C20D67700E14AFB /* foodieUITestsLaunchTests.swift */; };
		E9E440982C21E7F100E14AFB /* Landing.swift in Sources */ = {isa = PBXBuildFile; fileRef = E9E440972C21E7F100E14AFB /* Landing.swift */; };
		E9E440A22C23666A00E14AFB /* MapPage.swift in Sources */ = {isa = PBXBuildFile; fileRef = E9E440A12C23666A00E14AFB /* MapPage.swift */; };
/* End PBXBuildFile section */

/* Begin PBXContainerItemProxy section */
		E9E440772C20D67700E14AFB /* PBXContainerItemProxy */ = {
			isa = PBXContainerItemProxy;
			containerPortal = E9E4405C2C20D67600E14AFB /* Project object */;
			proxyType = 1;
			remoteGlobalIDString = E9E440632C20D67600E14AFB;
			remoteInfo = foodie;
		};
		E9E440812C20D67700E14AFB /* PBXContainerItemProxy */ = {
			isa = PBXContainerItemProxy;
			containerPortal = E9E4405C2C20D67600E14AFB /* Project object */;
			proxyType = 1;
			remoteGlobalIDString = E9E440632C20D67600E14AFB;
			remoteInfo = foodie;
		};
/* End PBXContainerItemProxy section */

/* Begin PBXFileReference section */
		E9E440642C20D67600E14AFB /* foodie.app */ = {isa = PBXFileReference; explicitFileType = wrapper.application; includeInIndex = 0; path = foodie.app; sourceTree = BUILT_PRODUCTS_DIR; };
		E9E440672C20D67600E14AFB /* foodieApp.swift */ = {isa = PBXFileReference; lastKnownFileType = sourcecode.swift; path = foodieApp.swift; sourceTree = "<group>"; };
		E9E440692C20D67600E14AFB /* ContentView.swift */ = {isa = PBXFileReference; lastKnownFileType = sourcecode.swift; path = ContentView.swift; sourceTree = "<group>"; };
		E9E4406D2C20D67700E14AFB /* Assets.xcassets */ = {isa = PBXFileReference; lastKnownFileType = folder.assetcatalog; path = Assets.xcassets; sourceTree = "<group>"; };
		E9E440702C20D67700E14AFB /* Preview Assets.xcassets */ = {isa = PBXFileReference; lastKnownFileType = folder.assetcatalog; path = "Preview Assets.xcassets"; sourceTree = "<group>"; };
		E9E440762C20D67700E14AFB /* foodieTests.xctest */ = {isa = PBXFileReference; explicitFileType = wrapper.cfbundle; includeInIndex = 0; path = foodieTests.xctest; sourceTree = BUILT_PRODUCTS_DIR; };
		E9E4407A2C20D67700E14AFB /* foodieTests.swift */ = {isa = PBXFileReference; lastKnownFileType = sourcecode.swift; path = foodieTests.swift; sourceTree = "<group>"; };
		E9E440802C20D67700E14AFB /* foodieUITests.xctest */ = {isa = PBXFileReference; explicitFileType = wrapper.cfbundle; includeInIndex = 0; path = foodieUITests.xctest; sourceTree = BUILT_PRODUCTS_DIR; };
		E9E440842C20D67700E14AFB /* foodieUITests.swift */ = {isa = PBXFileReference; lastKnownFileType = sourcecode.swift; path = foodieUITests.swift; sourceTree = "<group>"; };
		E9E440862C20D67700E14AFB /* foodieUITestsLaunchTests.swift */ = {isa = PBXFileReference; lastKnownFileType = sourcecode.swift; path = foodieUITestsLaunchTests.swift; sourceTree = "<group>"; };
		E9E440972C21E7F100E14AFB /* Landing.swift */ = {isa = PBXFileReference; lastKnownFileType = sourcecode.swift; path = Landing.swift; sourceTree = "<group>"; };
		E9E440A12C23666A00E14AFB /* MapPage.swift */ = {isa = PBXFileReference; lastKnownFileType = sourcecode.swift; path = MapPage.swift; sourceTree = "<group>"; };
/* End PBXFileReference section */

/* Begin PBXFrameworksBuildPhase section */
		E9E440612C20D67600E14AFB /* Frameworks */ = {
			isa = PBXFrameworksBuildPhase;
			buildActionMask = 2147483647;
			files = (
			);
			runOnlyForDeploymentPostprocessing = 0;
		};
		E9E440732C20D67700E14AFB /* Frameworks */ = {
			isa = PBXFrameworksBuildPhase;
			buildActionMask = 2147483647;
			files = (
			);
			runOnlyForDeploymentPostprocessing = 0;
		};
		E9E4407D2C20D67700E14AFB /* Frameworks */ = {
			isa = PBXFrameworksBuildPhase;
			buildActionMask = 2147483647;
			files = (
			);
			runOnlyForDeploymentPostprocessing = 0;
		};
/* End PBXFrameworksBuildPhase section */

/* Begin PBXGroup section */
		E9E4405B2C20D67600E14AFB = {
			isa = PBXGroup;
			children = (
				E9E440662C20D67600E14AFB /* foodie */,
				E9E440792C20D67700E14AFB /* foodieTests */,
				E9E440832C20D67700E14AFB /* foodieUITests */,
				E9E440652C20D67600E14AFB /* Products */,
			);
			sourceTree = "<group>";
		};
		E9E440652C20D67600E14AFB /* Products */ = {
			isa = PBXGroup;
			children = (
				E9E440642C20D67600E14AFB /* foodie.app */,
				E9E440762C20D67700E14AFB /* foodieTests.xctest */,
				E9E440802C20D67700E14AFB /* foodieUITests.xctest */,
			);
			name = Products;
			sourceTree = "<group>";
		};
		E9E440662C20D67600E14AFB /* foodie */ = {
			isa = PBXGroup;
			children = (
				E9E440672C20D67600E14AFB /* foodieApp.swift */,
				E9E440692C20D67600E14AFB /* ContentView.swift */,
				E9E440A12C23666A00E14AFB /* MapPage.swift */,
				E9E440972C21E7F100E14AFB /* Landing.swift */,
				E9E4406D2C20D67700E14AFB /* Assets.xcassets */,
				E9E4406F2C20D67700E14AFB /* Preview Content */,
			);
			path = foodie;
			sourceTree = "<group>";
		};
		E9E4406F2C20D67700E14AFB /* Preview Content */ = {
			isa = PBXGroup;
			children = (
				E9E440702C20D67700E14AFB /* Preview Assets.xcassets */,
			);
			path = "Preview Content";
			sourceTree = "<group>";
		};
		E9E440792C20D67700E14AFB /* foodieTests */ = {
			isa = PBXGroup;
			children = (
				E9E4407A2C20D67700E14AFB /* foodieTests.swift */,
			);
			path = foodieTests;
			sourceTree = "<group>";
		};
		E9E440832C20D67700E14AFB /* foodieUITests */ = {
			isa = PBXGroup;
			children = (
				E9E440842C20D67700E14AFB /* foodieUITests.swift */,
				E9E440862C20D67700E14AFB /* foodieUITestsLaunchTests.swift */,
			);
			path = foodieUITests;
			sourceTree = "<group>";
		};
/* End PBXGroup section */

/* Begin PBXNativeTarget section */
		E9E440632C20D67600E14AFB /* foodie */ = {
			isa = PBXNativeTarget;
			buildConfigurationList = E9E4408A2C20D67700E14AFB /* Build configuration list for PBXNativeTarget "foodie" */;
			buildPhases = (
				E9E440602C20D67600E14AFB /* Sources */,
				E9E440612C20D67600E14AFB /* Frameworks */,
				E9E440622C20D67600E14AFB /* Resources */,
			);
			buildRules = (
			);
			dependencies = (
			);
			name = foodie;
			productName = foodie;
			productReference = E9E440642C20D67600E14AFB /* foodie.app */;
			productType = "com.apple.product-type.application";
		};
		E9E440752C20D67700E14AFB /* foodieTests */ = {
			isa = PBXNativeTarget;
			buildConfigurationList = E9E4408D2C20D67700E14AFB /* Build configuration list for PBXNativeTarget "foodieTests" */;
			buildPhases = (
				E9E440722C20D67700E14AFB /* Sources */,
				E9E440732C20D67700E14AFB /* Frameworks */,
				E9E440742C20D67700E14AFB /* Resources */,
			);
			buildRules = (
			);
			dependencies = (
				E9E440782C20D67700E14AFB /* PBXTargetDependency */,
			);
			name = foodieTests;
			productName = foodieTests;
			productReference = E9E440762C20D67700E14AFB /* foodieTests.xctest */;
			productType = "com.apple.product-type.bundle.unit-test";
		};
		E9E4407F2C20D67700E14AFB /* foodieUITests */ = {
			isa = PBXNativeTarget;
			buildConfigurationList = E9E440902C20D67700E14AFB /* Build configuration list for PBXNativeTarget "foodieUITests" */;
			buildPhases = (
				E9E4407C2C20D67700E14AFB /* Sources */,
				E9E4407D2C20D67700E14AFB /* Frameworks */,
				E9E4407E2C20D67700E14AFB /* Resources */,
			);
			buildRules = (
			);
			dependencies = (
				E9E440822C20D67700E14AFB /* PBXTargetDependency */,
			);
			name = foodieUITests;
			productName = foodieUITests;
			productReference = E9E440802C20D67700E14AFB /* foodieUITests.xctest */;
			productType = "com.apple.product-type.bundle.ui-testing";
		};
/* End PBXNativeTarget section */

/* Begin PBXProject section */
		E9E4405C2C20D67600E14AFB /* Project object */ = {
			isa = PBXProject;
			attributes = {
				BuildIndependentTargetsInParallel = 1;
				LastSwiftUpdateCheck = 1540;
				LastUpgradeCheck = 1540;
				TargetAttributes = {
					E9E440632C20D67600E14AFB = {
						CreatedOnToolsVersion = 15.4;
					};
					E9E440752C20D67700E14AFB = {
						CreatedOnToolsVersion = 15.4;
						TestTargetID = E9E440632C20D67600E14AFB;
					};
					E9E4407F2C20D67700E14AFB = {
						CreatedOnToolsVersion = 15.4;
						TestTargetID = E9E440632C20D67600E14AFB;
					};
				};
			};
			buildConfigurationList = E9E4405F2C20D67600E14AFB /* Build configuration list for PBXProject "foodie" */;
			compatibilityVersion = "Xcode 14.0";
			developmentRegion = en;
			hasScannedForEncodings = 0;
			knownRegions = (
				en,
				Base,
			);
			mainGroup = E9E4405B2C20D67600E14AFB;
			productRefGroup = E9E440652C20D67600E14AFB /* Products */;
			projectDirPath = "";
			projectRoot = "";
			targets = (
				E9E440632C20D67600E14AFB /* foodie */,
				E9E440752C20D67700E14AFB /* foodieTests */,
				E9E4407F2C20D67700E14AFB /* foodieUITests */,
			);
		};
/* End PBXProject section */

/* Begin PBXResourcesBuildPhase section */
		E9E440622C20D67600E14AFB /* Resources */ = {
			isa = PBXResourcesBuildPhase;
			buildActionMask = 2147483647;
			files = (
				E9E440712C20D67700E14AFB /* Preview Assets.xcassets in Resources */,
				E9E4406E2C20D67700E14AFB /* Assets.xcassets in Resources */,
			);
			runOnlyForDeploymentPostprocessing = 0;
		};
		E9E440742C20D67700E14AFB /* Resources */ = {
			isa = PBXResourcesBuildPhase;
			buildActionMask = 2147483647;
			files = (
			);
			runOnlyForDeploymentPostprocessing = 0;
		};
		E9E4407E2C20D67700E14AFB /* Resources */ = {
			isa = PBXResourcesBuildPhase;
			buildActionMask = 2147483647;
			files = (
			);
			runOnlyForDeploymentPostprocessing = 0;
		};
/* End PBXResourcesBuildPhase section */

/* Begin PBXSourcesBuildPhase section */
		E9E440602C20D67600E14AFB /* Sources */ = {
			isa = PBXSourcesBuildPhase;
			buildActionMask = 2147483647;
			files = (
				E9E4406A2C20D67600E14AFB /* ContentView.swift in Sources */,
				E9E440982C21E7F100E14AFB /* Landing.swift in Sources */,
				E9E440682C20D67600E14AFB /* foodieApp.swift in Sources */,
				E9E440A22C23666A00E14AFB /* MapPage.swift in Sources */,
			);
			runOnlyForDeploymentPostprocessing = 0;
		};
		E9E440722C20D67700E14AFB /* Sources */ = {
			isa = PBXSourcesBuildPhase;
			buildActionMask = 2147483647;
			files = (
				E9E4407B2C20D67700E14AFB /* foodieTests.swift in Sources */,
			);
			runOnlyForDeploymentPostprocessing = 0;
		};
		E9E4407C2C20D67700E14AFB /* Sources */ = {
			isa = PBXSourcesBuildPhase;
			buildActionMask = 2147483647;
			files = (
				E9E440872C20D67700E14AFB /* foodieUITestsLaunchTests.swift in Sources */,
				E9E440852C20D67700E14AFB /* foodieUITests.swift in Sources */,
			);
			runOnlyForDeploymentPostprocessing = 0;
		};
/* End PBXSourcesBuildPhase section */

/* Begin PBXTargetDependency section */
		E9E440782C20D67700E14AFB /* PBXTargetDependency */ = {
			isa = PBXTargetDependency;
			target = E9E440632C20D67600E14AFB /* foodie */;
			targetProxy = E9E440772C20D67700E14AFB /* PBXContainerItemProxy */;
		};
		E9E440822C20D67700E14AFB /* PBXTargetDependency */ = {
			isa = PBXTargetDependency;
			target = E9E440632C20D67600E14AFB /* foodie */;
			targetProxy = E9E440812C20D67700E14AFB /* PBXContainerItemProxy */;
		};
/* End PBXTargetDependency section */

/* Begin XCBuildConfiguration section */
		E9E440882C20D67700E14AFB /* Debug */ = {
			isa = XCBuildConfiguration;
			buildSettings = {
				ALWAYS_SEARCH_USER_PATHS = NO;
				ASSETCATALOG_COMPILER_GENERATE_SWIFT_ASSET_SYMBOL_EXTENSIONS = YES;
				CLANG_ANALYZER_NONNULL = YES;
				CLANG_ANALYZER_NUMBER_OBJECT_CONVERSION = YES_AGGRESSIVE;
				CLANG_CXX_LANGUAGE_STANDARD = "gnu++20";
				CLANG_ENABLE_MODULES = YES;
				CLANG_ENABLE_OBJC_ARC = YES;
				CLANG_ENABLE_OBJC_WEAK = YES;
				CLANG_WARN_BLOCK_CAPTURE_AUTORELEASING = YES;
				CLANG_WARN_BOOL_CONVERSION = YES;
				CLANG_WARN_COMMA = YES;
				CLANG_WARN_CONSTANT_CONVERSION = YES;
				CLANG_WARN_DEPRECATED_OBJC_IMPLEMENTATIONS = YES;
				CLANG_WARN_DIRECT_OBJC_ISA_USAGE = YES_ERROR;
				CLANG_WARN_DOCUMENTATION_COMMENTS = YES;
				CLANG_WARN_EMPTY_BODY = YES;
				CLANG_WARN_ENUM_CONVERSION = YES;
				CLANG_WARN_INFINITE_RECURSION = YES;
				CLANG_WARN_INT_CONVERSION = YES;
				CLANG_WARN_NON_LITERAL_NULL_CONVERSION = YES;
				CLANG_WARN_OBJC_IMPLICIT_RETAIN_SELF = YES;
				CLANG_WARN_OBJC_LITERAL_CONVERSION = YES;
				CLANG_WARN_OBJC_ROOT_CLASS = YES_ERROR;
				CLANG_WARN_QUOTED_INCLUDE_IN_FRAMEWORK_HEADER = YES;
				CLANG_WARN_RANGE_LOOP_ANALYSIS = YES;
				CLANG_WARN_STRICT_PROTOTYPES = YES;
				CLANG_WARN_SUSPICIOUS_MOVE = YES;
				CLANG_WARN_UNGUARDED_AVAILABILITY = YES_AGGRESSIVE;
				CLANG_WARN_UNREACHABLE_CODE = YES;
				CLANG_WARN__DUPLICATE_METHOD_MATCH = YES;
				COPY_PHASE_STRIP = NO;
				DEBUG_INFORMATION_FORMAT = dwarf;
				ENABLE_STRICT_OBJC_MSGSEND = YES;
				ENABLE_TESTABILITY = YES;
				ENABLE_USER_SCRIPT_SANDBOXING = YES;
				GCC_C_LANGUAGE_STANDARD = gnu17;
				GCC_DYNAMIC_NO_PIC = NO;
				GCC_NO_COMMON_BLOCKS = YES;
				GCC_OPTIMIZATION_LEVEL = 0;
				GCC_PREPROCESSOR_DEFINITIONS = (
					"DEBUG=1",
					"$(inherited)",
				);
				GCC_WARN_64_TO_32_BIT_CONVERSION = YES;
				GCC_WARN_ABOUT_RETURN_TYPE = YES_ERROR;
				GCC_WARN_UNDECLARED_SELECTOR = YES;
				GCC_WARN_UNINITIALIZED_AUTOS = YES_AGGRESSIVE;
				GCC_WARN_UNUSED_FUNCTION = YES;
				GCC_WARN_UNUSED_VARIABLE = YES;
				IPHONEOS_DEPLOYMENT_TARGET = 17.5;
				LOCALIZATION_PREFERS_STRING_CATALOGS = YES;
				MTL_ENABLE_DEBUG_INFO = INCLUDE_SOURCE;
				MTL_FAST_MATH = YES;
				ONLY_ACTIVE_ARCH = YES;
				SDKROOT = iphoneos;
				SWIFT_ACTIVE_COMPILATION_CONDITIONS = "DEBUG $(inherited)";
				SWIFT_OPTIMIZATION_LEVEL = "-Onone";
			};
			name = Debug;
		};
		E9E440892C20D67700E14AFB /* Release */ = {
			isa = XCBuildConfiguration;
			buildSettings = {
				ALWAYS_SEARCH_USER_PATHS = NO;
				ASSETCATALOG_COMPILER_GENERATE_SWIFT_ASSET_SYMBOL_EXTENSIONS = YES;
				CLANG_ANALYZER_NONNULL = YES;
				CLANG_ANALYZER_NUMBER_OBJECT_CONVERSION = YES_AGGRESSIVE;
				CLANG_CXX_LANGUAGE_STANDARD = "gnu++20";
				CLANG_ENABLE_MODULES = YES;
				CLANG_ENABLE_OBJC_ARC = YES;
				CLANG_ENABLE_OBJC_WEAK = YES;
				CLANG_WARN_BLOCK_CAPTURE_AUTORELEASING = YES;
				CLANG_WARN_BOOL_CONVERSION = YES;
				CLANG_WARN_COMMA = YES;
				CLANG_WARN_CONSTANT_CONVERSION = YES;
				CLANG_WARN_DEPRECATED_OBJC_IMPLEMENTATIONS = YES;
				CLANG_WARN_DIRECT_OBJC_ISA_USAGE = YES_ERROR;
				CLANG_WARN_DOCUMENTATION_COMMENTS = YES;
				CLANG_WARN_EMPTY_BODY = YES;
				CLANG_WARN_ENUM_CONVERSION = YES;
				CLANG_WARN_INFINITE_RECURSION = YES;
				CLANG_WARN_INT_CONVERSION = YES;
				CLANG_WARN_NON_LITERAL_NULL_CONVERSION = YES;
				CLANG_WARN_OBJC_IMPLICIT_RETAIN_SELF = YES;
				CLANG_WARN_OBJC_LITERAL_CONVERSION = YES;
				CLANG_WARN_OBJC_ROOT_CLASS = YES_ERROR;
				CLANG_WARN_QUOTED_INCLUDE_IN_FRAMEWORK_HEADER = YES;
				CLANG_WARN_RANGE_LOOP_ANALYSIS = YES;
				CLANG_WARN_STRICT_PROTOTYPES = YES;
				CLANG_WARN_SUSPICIOUS_MOVE = YES;
				CLANG_WARN_UNGUARDED_AVAILABILITY = YES_AGGRESSIVE;
				CLANG_WARN_UNREACHABLE_CODE = YES;
				CLANG_WARN__DUPLICATE_METHOD_MATCH = YES;
				COPY_PHASE_STRIP = NO;
				DEBUG_INFORMATION_FORMAT = "dwarf-with-dsym";
				ENABLE_NS_ASSERTIONS = NO;
				ENABLE_STRICT_OBJC_MSGSEND = YES;
				ENABLE_USER_SCRIPT_SANDBOXING = YES;
				GCC_C_LANGUAGE_STANDARD = gnu17;
				GCC_NO_COMMON_BLOCKS = YES;
				GCC_WARN_64_TO_32_BIT_CONVERSION = YES;
				GCC_WARN_ABOUT_RETURN_TYPE = YES_ERROR;
				GCC_WARN_UNDECLARED_SELECTOR = YES;
				GCC_WARN_UNINITIALIZED_AUTOS = YES_AGGRESSIVE;
				GCC_WARN_UNUSED_FUNCTION = YES;
				GCC_WARN_UNUSED_VARIABLE = YES;
				IPHONEOS_DEPLOYMENT_TARGET = 17.5;
				LOCALIZATION_PREFERS_STRING_CATALOGS = YES;
				MTL_ENABLE_DEBUG_INFO = NO;
				MTL_FAST_MATH = YES;
				SDKROOT = iphoneos;
				SWIFT_COMPILATION_MODE = wholemodule;
				VALIDATE_PRODUCT = YES;
			};
			name = Release;
		};
		E9E4408B2C20D67700E14AFB /* Debug */ = {
			isa = XCBuildConfiguration;
			buildSettings = {
				ASSETCATALOG_COMPILER_APPICON_NAME = AppIcon;
				ASSETCATALOG_COMPILER_GLOBAL_ACCENT_COLOR_NAME = AccentColor;
				CODE_SIGN_STYLE = Automatic;
				CURRENT_PROJECT_VERSION = 1;
				DEVELOPMENT_ASSET_PATHS = "\"foodie/Preview Content\"";
				DEVELOPMENT_TEAM = WU23BBAJWX;
				ENABLE_PREVIEWS = YES;
				GENERATE_INFOPLIST_FILE = YES;
				INFOPLIST_KEY_UIApplicationSceneManifest_Generation = YES;
				INFOPLIST_KEY_UIApplicationSupportsIndirectInputEvents = YES;
				INFOPLIST_KEY_UILaunchScreen_Generation = YES;
				INFOPLIST_KEY_UISupportedInterfaceOrientations_iPad = "UIInterfaceOrientationPortrait UIInterfaceOrientationPortraitUpsideDown UIInterfaceOrientationLandscapeLeft UIInterfaceOrientationLandscapeRight";
				INFOPLIST_KEY_UISupportedInterfaceOrientations_iPhone = "UIInterfaceOrientationPortrait UIInterfaceOrientationLandscapeLeft UIInterfaceOrientationLandscapeRight";
				LD_RUNPATH_SEARCH_PATHS = (
					"$(inherited)",
					"@executable_path/Frameworks",
				);
				MARKETING_VERSION = 1.0;
				PRODUCT_BUNDLE_IDENTIFIER = aidanjames.foodie;
				PRODUCT_NAME = "$(TARGET_NAME)";
				SWIFT_EMIT_LOC_STRINGS = YES;
				SWIFT_VERSION = 5.0;
				TARGETED_DEVICE_FAMILY = "1,2";
			};
			name = Debug;
		};
		E9E4408C2C20D67700E14AFB /* Release */ = {
			isa = XCBuildConfiguration;
			buildSettings = {
				ASSETCATALOG_COMPILER_APPICON_NAME = AppIcon;
				ASSETCATALOG_COMPILER_GLOBAL_ACCENT_COLOR_NAME = AccentColor;
				CODE_SIGN_STYLE = Automatic;
				CURRENT_PROJECT_VERSION = 1;
				DEVELOPMENT_ASSET_PATHS = "\"foodie/Preview Content\"";
				DEVELOPMENT_TEAM = WU23BBAJWX;
				ENABLE_PREVIEWS = YES;
				GENERATE_INFOPLIST_FILE = YES;
				INFOPLIST_KEY_UIApplicationSceneManifest_Generation = YES;
				INFOPLIST_KEY_UIApplicationSupportsIndirectInputEvents = YES;
				INFOPLIST_KEY_UILaunchScreen_Generation = YES;
				INFOPLIST_KEY_UISupportedInterfaceOrientations_iPad = "UIInterfaceOrientationPortrait UIInterfaceOrientationPortraitUpsideDown UIInterfaceOrientationLandscapeLeft UIInterfaceOrientationLandscapeRight";
				INFOPLIST_KEY_UISupportedInterfaceOrientations_iPhone = "UIInterfaceOrientationPortrait UIInterfaceOrientationLandscapeLeft UIInterfaceOrientationLandscapeRight";
				LD_RUNPATH_SEARCH_PATHS = (
					"$(inherited)",
					"@executable_path/Frameworks",
				);
				MARKETING_VERSION = 1.0;
				PRODUCT_BUNDLE_IDENTIFIER = aidanjames.foodie;
				PRODUCT_NAME = "$(TARGET_NAME)";
				SWIFT_EMIT_LOC_STRINGS = YES;
				SWIFT_VERSION = 5.0;
				TARGETED_DEVICE_FAMILY = "1,2";
			};
			name = Release;
		};
		E9E4408E2C20D67700E14AFB /* Debug */ = {
			isa = XCBuildConfiguration;
			buildSettings = {
				ALWAYS_EMBED_SWIFT_STANDARD_LIBRARIES = YES;
				BUNDLE_LOADER = "$(TEST_HOST)";
				CODE_SIGN_STYLE = Automatic;
				CURRENT_PROJECT_VERSION = 1;
				DEVELOPMENT_TEAM = WU23BBAJWX;
				GENERATE_INFOPLIST_FILE = YES;
				IPHONEOS_DEPLOYMENT_TARGET = 17.5;
				MARKETING_VERSION = 1.0;
				PRODUCT_BUNDLE_IDENTIFIER = aidanjames.foodieTests;
				PRODUCT_NAME = "$(TARGET_NAME)";
				SWIFT_EMIT_LOC_STRINGS = NO;
				SWIFT_VERSION = 5.0;
				TARGETED_DEVICE_FAMILY = "1,2";
				TEST_HOST = "$(BUILT_PRODUCTS_DIR)/foodie.app/$(BUNDLE_EXECUTABLE_FOLDER_PATH)/foodie";
			};
			name = Debug;
		};
		E9E4408F2C20D67700E14AFB /* Release */ = {
			isa = XCBuildConfiguration;
			buildSettings = {
				ALWAYS_EMBED_SWIFT_STANDARD_LIBRARIES = YES;
				BUNDLE_LOADER = "$(TEST_HOST)";
				CODE_SIGN_STYLE = Automatic;
				CURRENT_PROJECT_VERSION = 1;
				DEVELOPMENT_TEAM = WU23BBAJWX;
				GENERATE_INFOPLIST_FILE = YES;
				IPHONEOS_DEPLOYMENT_TARGET = 17.5;
				MARKETING_VERSION = 1.0;
				PRODUCT_BUNDLE_IDENTIFIER = aidanjames.foodieTests;
				PRODUCT_NAME = "$(TARGET_NAME)";
				SWIFT_EMIT_LOC_STRINGS = NO;
				SWIFT_VERSION = 5.0;
				TARGETED_DEVICE_FAMILY = "1,2";
				TEST_HOST = "$(BUILT_PRODUCTS_DIR)/foodie.app/$(BUNDLE_EXECUTABLE_FOLDER_PATH)/foodie";
			};
			name = Release;
		};
		E9E440912C20D67700E14AFB /* Debug */ = {
			isa = XCBuildConfiguration;
			buildSettings = {
				ALWAYS_EMBED_SWIFT_STANDARD_LIBRARIES = YES;
				CODE_SIGN_STYLE = Automatic;
				CURRENT_PROJECT_VERSION = 1;
				DEVELOPMENT_TEAM = WU23BBAJWX;
				GENERATE_INFOPLIST_FILE = YES;
				MARKETING_VERSION = 1.0;
				PRODUCT_BUNDLE_IDENTIFIER = aidanjames.foodieUITests;
				PRODUCT_NAME = "$(TARGET_NAME)";
				SWIFT_EMIT_LOC_STRINGS = NO;
				SWIFT_VERSION = 5.0;
				TARGETED_DEVICE_FAMILY = "1,2";
				TEST_TARGET_NAME = foodie;
			};
			name = Debug;
		};
		E9E440922C20D67700E14AFB /* Release */ = {
			isa = XCBuildConfiguration;
			buildSettings = {
				ALWAYS_EMBED_SWIFT_STANDARD_LIBRARIES = YES;
				CODE_SIGN_STYLE = Automatic;
				CURRENT_PROJECT_VERSION = 1;
				DEVELOPMENT_TEAM = WU23BBAJWX;
				GENERATE_INFOPLIST_FILE = YES;
				MARKETING_VERSION = 1.0;
				PRODUCT_BUNDLE_IDENTIFIER = aidanjames.foodieUITests;
				PRODUCT_NAME = "$(TARGET_NAME)";
				SWIFT_EMIT_LOC_STRINGS = NO;
				SWIFT_VERSION = 5.0;
				TARGETED_DEVICE_FAMILY = "1,2";
				TEST_TARGET_NAME = foodie;
			};
			name = Release;
		};
/* End XCBuildConfiguration section */

/* Begin XCConfigurationList section */
		E9E4405F2C20D67600E14AFB /* Build configuration list for PBXProject "foodie" */ = {
			isa = XCConfigurationList;
			buildConfigurations = (
				E9E440882C20D67700E14AFB /* Debug */,
				E9E440892C20D67700E14AFB /* Release */,
			);
			defaultConfigurationIsVisible = 0;
			defaultConfigurationName = Release;
		};
		E9E4408A2C20D67700E14AFB /* Build configuration list for PBXNativeTarget "foodie" */ = {
			isa = XCConfigurationList;
			buildConfigurations = (
				E9E4408B2C20D67700E14AFB /* Debug */,
				E9E4408C2C20D67700E14AFB /* Release */,
			);
			defaultConfigurationIsVisible = 0;
			defaultConfigurationName = Release;
		};
		E9E4408D2C20D67700E14AFB /* Build configuration list for PBXNativeTarget "foodieTests" */ = {
			isa = XCConfigurationList;
			buildConfigurations = (
				E9E4408E2C20D67700E14AFB /* Debug */,
				E9E4408F2C20D67700E14AFB /* Release */,
			);
			defaultConfigurationIsVisible = 0;
			defaultConfigurationName = Release;
		};
		E9E440902C20D67700E14AFB /* Build configuration list for PBXNativeTarget "foodieUITests" */ = {
			isa = XCConfigurationList;
			buildConfigurations = (
				E9E440912C20D67700E14AFB /* Debug */,
				E9E440922C20D67700E14AFB /* Release */,
			);
			defaultConfigurationIsVisible = 0;
			defaultConfigurationName = Release;
		};
/* End XCConfigurationList section */
	};
	rootObject = E9E4405C2C20D67600E14AFB /* Project object */;
}
